// !$*UTF8*$!
{
	archiveVersion = 1;
	classes = {
	};
	objectVersion = 46;
	objects = {

/* Begin PBXBuildFile section */
		376289B488A36E09536D9456 /* libPods.a in Frameworks */ = {isa = PBXBuildFile; fileRef = 18AC99EC7AA98205D1A5B296 /* libPods.a */; };
		F31D6A2D1C8D7F2F009DF93B /* MediaModel.m in Sources */ = {isa = PBXBuildFile; fileRef = F31D6A2C1C8D7F2F009DF93B /* MediaModel.m */; };
		F31F75161C87D36C00E847F3 /* main.m in Sources */ = {isa = PBXBuildFile; fileRef = F31F75151C87D36C00E847F3 /* main.m */; };
		F31F75191C87D36C00E847F3 /* AppDelegate.m in Sources */ = {isa = PBXBuildFile; fileRef = F31F75181C87D36C00E847F3 /* AppDelegate.m */; };
		F31F751B1C87D36C00E847F3 /* Assets.xcassets in Resources */ = {isa = PBXBuildFile; fileRef = F31F751A1C87D36C00E847F3 /* Assets.xcassets */; };
		F31F751E1C87D36C00E847F3 /* LaunchScreen.storyboard in Resources */ = {isa = PBXBuildFile; fileRef = F31F751C1C87D36C00E847F3 /* LaunchScreen.storyboard */; };
		F33132F71C8C078300108E2D /* Media.plist in Resources */ = {isa = PBXBuildFile; fileRef = F33132F61C8C078300108E2D /* Media.plist */; };
		F34C1FDA1C8EF42B00895972 /* Comment.plist in Resources */ = {isa = PBXBuildFile; fileRef = F34C1FD91C8EF42A00895972 /* Comment.plist */; };
		F34C1FDC1C8EF50800895972 /* Like.plist in Resources */ = {isa = PBXBuildFile; fileRef = F34C1FDB1C8EF50800895972 /* Like.plist */; };
		F34C1FDE1C8EF5C700895972 /* Read.plist in Resources */ = {isa = PBXBuildFile; fileRef = F34C1FDD1C8EF5C700895972 /* Read.plist */; };
		F352E1821C89187000974874 /* MainModel.m in Sources */ = {isa = PBXBuildFile; fileRef = F352E1811C89187000974874 /* MainModel.m */; };
		F3883BA51C8D60B80050E512 /* UIViewController+Common.m in Sources */ = {isa = PBXBuildFile; fileRef = F3883BA41C8D60B80050E512 /* UIViewController+Common.m */; };
		F3883BA91C8D70580050E512 /* MediaTableViewCell.m in Sources */ = {isa = PBXBuildFile; fileRef = F3883BA71C8D70580050E512 /* MediaTableViewCell.m */; };
		F3883BAA1C8D70580050E512 /* MediaTableViewCell.xib in Resources */ = {isa = PBXBuildFile; fileRef = F3883BA81C8D70580050E512 /* MediaTableViewCell.xib */; };
		F3AB98BF1C8AEE96008CB755 /* Detail.storyboard in Resources */ = {isa = PBXBuildFile; fileRef = F3AB98BE1C8AEE96008CB755 /* Detail.storyboard */; };
		F3B08F401C8A923E000F1535 /* HWTools.m in Sources */ = {isa = PBXBuildFile; fileRef = F3B08F3F1C8A923E000F1535 /* HWTools.m */; };
		F3B08F431C8AAC3A000F1535 /* MediaViewController.m in Sources */ = {isa = PBXBuildFile; fileRef = F3B08F421C8AAC3A000F1535 /* MediaViewController.m */; };
		F3B08F461C8AAC71000F1535 /* DetailViewController.m in Sources */ = {isa = PBXBuildFile; fileRef = F3B08F451C8AAC71000F1535 /* DetailViewController.m */; };
		F3B489CE1C8C275E0018BC9F /* Property List.plist in Resources */ = {isa = PBXBuildFile; fileRef = F3B489CD1C8C275E0018BC9F /* Property List.plist */; };
		F3B489D11C8C2F340018BC9F /* SetView.m in Sources */ = {isa = PBXBuildFile; fileRef = F3B489D01C8C2F340018BC9F /* SetView.m */; };
		F3C4AB291C88211400BF49E3 /* Third.plist in Resources */ = {isa = PBXBuildFile; fileRef = F3C4AB281C88211400BF49E3 /* Third.plist */; };
		F3C4AB301C883E4500BF49E3 /* MainViewController.m in Sources */ = {isa = PBXBuildFile; fileRef = F3C4AB2E1C883E4500BF49E3 /* MainViewController.m */; };
		F3C4AB3B1C88400F00BF49E3 /* VOContentLayer.m in Sources */ = {isa = PBXBuildFile; fileRef = F3C4AB341C88400F00BF49E3 /* VOContentLayer.m */; };
		F3C4AB3C1C88400F00BF49E3 /* VOIndicatorAnimation.m in Sources */ = {isa = PBXBuildFile; fileRef = F3C4AB361C88400F00BF49E3 /* VOIndicatorAnimation.m */; };
		F3C4AB3D1C88400F00BF49E3 /* VOSegment.m in Sources */ = {isa = PBXBuildFile; fileRef = F3C4AB381C88400F00BF49E3 /* VOSegment.m */; };
		F3C4AB3E1C88400F00BF49E3 /* VOSegmentedControl.m in Sources */ = {isa = PBXBuildFile; fileRef = F3C4AB3A1C88400F00BF49E3 /* VOSegmentedControl.m */; };
		F3C4AB4B1C88671700BF49E3 /* MainTableViewCell.m in Sources */ = {isa = PBXBuildFile; fileRef = F3C4AB491C88671700BF49E3 /* MainTableViewCell.m */; };
		F3C4AB4C1C88671700BF49E3 /* MainTableViewCell.xib in Resources */ = {isa = PBXBuildFile; fileRef = F3C4AB4A1C88671700BF49E3 /* MainTableViewCell.xib */; };
		F3C4AB521C8868BC00BF49E3 /* blueArrow.png in Resources */ = {isa = PBXBuildFile; fileRef = F3C4AB4E1C8868BC00BF49E3 /* blueArrow.png */; };
		F3C4AB531C8868BC00BF49E3 /* blueArrowDown.png in Resources */ = {isa = PBXBuildFile; fileRef = F3C4AB4F1C8868BC00BF49E3 /* blueArrowDown.png */; };
		F3C4AB541C8868BC00BF49E3 /* PullingRefreshTableView.m in Sources */ = {isa = PBXBuildFile; fileRef = F3C4AB511C8868BC00BF49E3 /* PullingRefreshTableView.m */; };
		F3C4AB591C8868C500BF49E3 /* ProgressHUD.bundle in Resources */ = {isa = PBXBuildFile; fileRef = F3C4AB561C8868C500BF49E3 /* ProgressHUD.bundle */; };
		F3C4AB5A1C8868C500BF49E3 /* ProgressHUD.m in Sources */ = {isa = PBXBuildFile; fileRef = F3C4AB581C8868C500BF49E3 /* ProgressHUD.m */; };
		F3C4AB5C1C8875EB00BF49E3 /* Main.plist in Resources */ = {isa = PBXBuildFile; fileRef = F3C4AB5B1C8875EB00BF49E3 /* Main.plist */; };
		F3EFCC361C8E99840096756D /* MediaPlayer.framework in Frameworks */ = {isa = PBXBuildFile; fileRef = F3EFCC351C8E99840096756D /* MediaPlayer.framework */; };
		F3EFCC391C8ECCA30096756D /* BillboardViewController.m in Sources */ = {isa = PBXBuildFile; fileRef = F3EFCC381C8ECCA30096756D /* BillboardViewController.m */; };
/* End PBXBuildFile section */

/* Begin PBXFileReference section */
		18AC99EC7AA98205D1A5B296 /* libPods.a */ = {isa = PBXFileReference; explicitFileType = archive.ar; includeInIndex = 0; path = libPods.a; sourceTree = BUILT_PRODUCTS_DIR; };
		3C77B96438C6C3D9C46F03B4 /* Pods.debug.xcconfig */ = {isa = PBXFileReference; includeInIndex = 1; lastKnownFileType = text.xcconfig; name = Pods.debug.xcconfig; path = "Pods/Target Support Files/Pods/Pods.debug.xcconfig"; sourceTree = "<group>"; };
		B3C194C46927D4B1D664EED4 /* Pods.release.xcconfig */ = {isa = PBXFileReference; includeInIndex = 1; lastKnownFileType = text.xcconfig; name = Pods.release.xcconfig; path = "Pods/Target Support Files/Pods/Pods.release.xcconfig"; sourceTree = "<group>"; };
		F31D6A2B1C8D7F2F009DF93B /* MediaModel.h */ = {isa = PBXFileReference; fileEncoding = 4; lastKnownFileType = sourcecode.c.h; path = MediaModel.h; sourceTree = "<group>"; };
		F31D6A2C1C8D7F2F009DF93B /* MediaModel.m */ = {isa = PBXFileReference; fileEncoding = 4; lastKnownFileType = sourcecode.c.objc; path = MediaModel.m; sourceTree = "<group>"; };
		F31F75111C87D36B00E847F3 /* News.app */ = {isa = PBXFileReference; explicitFileType = wrapper.application; includeInIndex = 0; path = News.app; sourceTree = BUILT_PRODUCTS_DIR; };
		F31F75151C87D36C00E847F3 /* main.m */ = {isa = PBXFileReference; lastKnownFileType = sourcecode.c.objc; path = main.m; sourceTree = "<group>"; };
		F31F75171C87D36C00E847F3 /* AppDelegate.h */ = {isa = PBXFileReference; lastKnownFileType = sourcecode.c.h; path = AppDelegate.h; sourceTree = "<group>"; };
		F31F75181C87D36C00E847F3 /* AppDelegate.m */ = {isa = PBXFileReference; lastKnownFileType = sourcecode.c.objc; path = AppDelegate.m; sourceTree = "<group>"; };
		F31F751A1C87D36C00E847F3 /* Assets.xcassets */ = {isa = PBXFileReference; lastKnownFileType = folder.assetcatalog; path = Assets.xcassets; sourceTree = "<group>"; };
		F31F751D1C87D36C00E847F3 /* Base */ = {isa = PBXFileReference; lastKnownFileType = file.storyboard; name = Base; path = Base.lproj/LaunchScreen.storyboard; sourceTree = "<group>"; };
		F31F751F1C87D36C00E847F3 /* Info.plist */ = {isa = PBXFileReference; lastKnownFileType = text.plist.xml; path = Info.plist; sourceTree = "<group>"; };
		F31F75271C87D42F00E847F3 /* HWDefine.h */ = {isa = PBXFileReference; lastKnownFileType = sourcecode.c.h; path = HWDefine.h; sourceTree = "<group>"; };
		F33132F61C8C078300108E2D /* Media.plist */ = {isa = PBXFileReference; fileEncoding = 4; lastKnownFileType = text.plist; name = Media.plist; path = ../../Media/Model/Media.plist; sourceTree = "<group>"; };
		F34C1FD91C8EF42A00895972 /* Comment.plist */ = {isa = PBXFileReference; fileEncoding = 4; lastKnownFileType = text.plist.xml; path = Comment.plist; sourceTree = "<group>"; };
		F34C1FDB1C8EF50800895972 /* Like.plist */ = {isa = PBXFileReference; fileEncoding = 4; lastKnownFileType = text.plist.xml; path = Like.plist; sourceTree = "<group>"; };
		F34C1FDD1C8EF5C700895972 /* Read.plist */ = {isa = PBXFileReference; fileEncoding = 4; lastKnownFileType = text.plist.xml; path = Read.plist; sourceTree = "<group>"; };
		F352E1801C89187000974874 /* MainModel.h */ = {isa = PBXFileReference; fileEncoding = 4; lastKnownFileType = sourcecode.c.h; path = MainModel.h; sourceTree = "<group>"; };
		F352E1811C89187000974874 /* MainModel.m */ = {isa = PBXFileReference; fileEncoding = 4; lastKnownFileType = sourcecode.c.objc; path = MainModel.m; sourceTree = "<group>"; };
		F3883BA31C8D60B80050E512 /* UIViewController+Common.h */ = {isa = PBXFileReference; fileEncoding = 4; lastKnownFileType = sourcecode.c.h; path = "UIViewController+Common.h"; sourceTree = "<group>"; };
		F3883BA41C8D60B80050E512 /* UIViewController+Common.m */ = {isa = PBXFileReference; fileEncoding = 4; lastKnownFileType = sourcecode.c.objc; path = "UIViewController+Common.m"; sourceTree = "<group>"; };
		F3883BA61C8D70580050E512 /* MediaTableViewCell.h */ = {isa = PBXFileReference; fileEncoding = 4; lastKnownFileType = sourcecode.c.h; path = MediaTableViewCell.h; sourceTree = "<group>"; };
		F3883BA71C8D70580050E512 /* MediaTableViewCell.m */ = {isa = PBXFileReference; fileEncoding = 4; lastKnownFileType = sourcecode.c.objc; path = MediaTableViewCell.m; sourceTree = "<group>"; };
		F3883BA81C8D70580050E512 /* MediaTableViewCell.xib */ = {isa = PBXFileReference; fileEncoding = 4; lastKnownFileType = file.xib; path = MediaTableViewCell.xib; sourceTree = "<group>"; };
		F3AB98BE1C8AEE96008CB755 /* Detail.storyboard */ = {isa = PBXFileReference; fileEncoding = 4; lastKnownFileType = file.storyboard; path = Detail.storyboard; sourceTree = "<group>"; };
		F3B08F3E1C8A923E000F1535 /* HWTools.h */ = {isa = PBXFileReference; fileEncoding = 4; lastKnownFileType = sourcecode.c.h; path = HWTools.h; sourceTree = "<group>"; };
		F3B08F3F1C8A923E000F1535 /* HWTools.m */ = {isa = PBXFileReference; fileEncoding = 4; lastKnownFileType = sourcecode.c.objc; path = HWTools.m; sourceTree = "<group>"; };
		F3B08F411C8AAC3A000F1535 /* MediaViewController.h */ = {isa = PBXFileReference; fileEncoding = 4; lastKnownFileType = sourcecode.c.h; name = MediaViewController.h; path = ../../News/Controller/MediaViewController.h; sourceTree = "<group>"; };
		F3B08F421C8AAC3A000F1535 /* MediaViewController.m */ = {isa = PBXFileReference; fileEncoding = 4; lastKnownFileType = sourcecode.c.objc; name = MediaViewController.m; path = ../../News/Controller/MediaViewController.m; sourceTree = "<group>"; };
		F3B08F441C8AAC71000F1535 /* DetailViewController.h */ = {isa = PBXFileReference; fileEncoding = 4; lastKnownFileType = sourcecode.c.h; path = DetailViewController.h; sourceTree = "<group>"; };
		F3B08F451C8AAC71000F1535 /* DetailViewController.m */ = {isa = PBXFileReference; fileEncoding = 4; lastKnownFileType = sourcecode.c.objc; path = DetailViewController.m; sourceTree = "<group>"; };
		F3B489CD1C8C275E0018BC9F /* Property List.plist */ = {isa = PBXFileReference; fileEncoding = 4; lastKnownFileType = text.plist.xml; path = "Property List.plist"; sourceTree = "<group>"; };
		F3B489CF1C8C2F340018BC9F /* SetView.h */ = {isa = PBXFileReference; fileEncoding = 4; lastKnownFileType = sourcecode.c.h; path = SetView.h; sourceTree = "<group>"; };
		F3B489D01C8C2F340018BC9F /* SetView.m */ = {isa = PBXFileReference; fileEncoding = 4; lastKnownFileType = sourcecode.c.objc; path = SetView.m; sourceTree = "<group>"; };
		F3C4AB281C88211400BF49E3 /* Third.plist */ = {isa = PBXFileReference; fileEncoding = 4; lastKnownFileType = text.plist.xml; path = Third.plist; sourceTree = "<group>"; };
		F3C4AB2D1C883E4500BF49E3 /* MainViewController.h */ = {isa = PBXFileReference; fileEncoding = 4; lastKnownFileType = sourcecode.c.h; path = MainViewController.h; sourceTree = "<group>"; };
		F3C4AB2E1C883E4500BF49E3 /* MainViewController.m */ = {isa = PBXFileReference; fileEncoding = 4; lastKnownFileType = sourcecode.c.objc; path = MainViewController.m; sourceTree = "<group>"; };
		F3C4AB331C88400F00BF49E3 /* VOContentLayer.h */ = {isa = PBXFileReference; fileEncoding = 4; lastKnownFileType = sourcecode.c.h; path = VOContentLayer.h; sourceTree = "<group>"; };
		F3C4AB341C88400F00BF49E3 /* VOContentLayer.m */ = {isa = PBXFileReference; fileEncoding = 4; lastKnownFileType = sourcecode.c.objc; path = VOContentLayer.m; sourceTree = "<group>"; };
		F3C4AB351C88400F00BF49E3 /* VOIndicatorAnimation.h */ = {isa = PBXFileReference; fileEncoding = 4; lastKnownFileType = sourcecode.c.h; path = VOIndicatorAnimation.h; sourceTree = "<group>"; };
		F3C4AB361C88400F00BF49E3 /* VOIndicatorAnimation.m */ = {isa = PBXFileReference; fileEncoding = 4; lastKnownFileType = sourcecode.c.objc; path = VOIndicatorAnimation.m; sourceTree = "<group>"; };
		F3C4AB371C88400F00BF49E3 /* VOSegment.h */ = {isa = PBXFileReference; fileEncoding = 4; lastKnownFileType = sourcecode.c.h; path = VOSegment.h; sourceTree = "<group>"; };
		F3C4AB381C88400F00BF49E3 /* VOSegment.m */ = {isa = PBXFileReference; fileEncoding = 4; lastKnownFileType = sourcecode.c.objc; path = VOSegment.m; sourceTree = "<group>"; };
		F3C4AB391C88400F00BF49E3 /* VOSegmentedControl.h */ = {isa = PBXFileReference; fileEncoding = 4; lastKnownFileType = sourcecode.c.h; path = VOSegmentedControl.h; sourceTree = "<group>"; };
		F3C4AB3A1C88400F00BF49E3 /* VOSegmentedControl.m */ = {isa = PBXFileReference; fileEncoding = 4; lastKnownFileType = sourcecode.c.objc; path = VOSegmentedControl.m; sourceTree = "<group>"; };
		F3C4AB3F1C88429800BF49E3 /* Main.pch */ = {isa = PBXFileReference; lastKnownFileType = sourcecode.c.h; path = Main.pch; sourceTree = "<group>"; };
		F3C4AB481C88671700BF49E3 /* MainTableViewCell.h */ = {isa = PBXFileReference; fileEncoding = 4; lastKnownFileType = sourcecode.c.h; path = MainTableViewCell.h; sourceTree = "<group>"; };
		F3C4AB491C88671700BF49E3 /* MainTableViewCell.m */ = {isa = PBXFileReference; fileEncoding = 4; lastKnownFileType = sourcecode.c.objc; path = MainTableViewCell.m; sourceTree = "<group>"; };
		F3C4AB4A1C88671700BF49E3 /* MainTableViewCell.xib */ = {isa = PBXFileReference; fileEncoding = 4; lastKnownFileType = file.xib; path = MainTableViewCell.xib; sourceTree = "<group>"; };
		F3C4AB4E1C8868BC00BF49E3 /* blueArrow.png */ = {isa = PBXFileReference; lastKnownFileType = image.png; path = blueArrow.png; sourceTree = "<group>"; };
		F3C4AB4F1C8868BC00BF49E3 /* blueArrowDown.png */ = {isa = PBXFileReference; lastKnownFileType = image.png; path = blueArrowDown.png; sourceTree = "<group>"; };
		F3C4AB501C8868BC00BF49E3 /* PullingRefreshTableView.h */ = {isa = PBXFileReference; fileEncoding = 4; lastKnownFileType = sourcecode.c.h; path = PullingRefreshTableView.h; sourceTree = "<group>"; };
		F3C4AB511C8868BC00BF49E3 /* PullingRefreshTableView.m */ = {isa = PBXFileReference; fileEncoding = 4; lastKnownFileType = sourcecode.c.objc; path = PullingRefreshTableView.m; sourceTree = "<group>"; };
		F3C4AB561C8868C500BF49E3 /* ProgressHUD.bundle */ = {isa = PBXFileReference; lastKnownFileType = "wrapper.plug-in"; path = ProgressHUD.bundle; sourceTree = "<group>"; };
		F3C4AB571C8868C500BF49E3 /* ProgressHUD.h */ = {isa = PBXFileReference; fileEncoding = 4; lastKnownFileType = sourcecode.c.h; path = ProgressHUD.h; sourceTree = "<group>"; };
		F3C4AB581C8868C500BF49E3 /* ProgressHUD.m */ = {isa = PBXFileReference; fileEncoding = 4; lastKnownFileType = sourcecode.c.objc; path = ProgressHUD.m; sourceTree = "<group>"; };
		F3C4AB5B1C8875EB00BF49E3 /* Main.plist */ = {isa = PBXFileReference; fileEncoding = 4; lastKnownFileType = text.plist.xml; path = Main.plist; sourceTree = "<group>"; };
		F3EFCC351C8E99840096756D /* MediaPlayer.framework */ = {isa = PBXFileReference; lastKnownFileType = wrapper.framework; name = MediaPlayer.framework; path = System/Library/Frameworks/MediaPlayer.framework; sourceTree = SDKROOT; };
		F3EFCC371C8ECCA30096756D /* BillboardViewController.h */ = {isa = PBXFileReference; fileEncoding = 4; lastKnownFileType = sourcecode.c.h; path = BillboardViewController.h; sourceTree = "<group>"; };
		F3EFCC381C8ECCA30096756D /* BillboardViewController.m */ = {isa = PBXFileReference; fileEncoding = 4; lastKnownFileType = sourcecode.c.objc; path = BillboardViewController.m; sourceTree = "<group>"; };
/* End PBXFileReference section */

/* Begin PBXFrameworksBuildPhase section */
		F31F750E1C87D36B00E847F3 /* Frameworks */ = {
			isa = PBXFrameworksBuildPhase;
			buildActionMask = 2147483647;
			files = (
				F3EFCC361C8E99840096756D /* MediaPlayer.framework in Frameworks */,
				376289B488A36E09536D9456 /* libPods.a in Frameworks */,
			);
			runOnlyForDeploymentPostprocessing = 0;
		};
/* End PBXFrameworksBuildPhase section */

/* Begin PBXGroup section */
		49DCD66EF911D360B216655A /* Frameworks */ = {
			isa = PBXGroup;
			children = (
				F3EFCC351C8E99840096756D /* MediaPlayer.framework */,
				18AC99EC7AA98205D1A5B296 /* libPods.a */,
			);
			name = Frameworks;
			sourceTree = "<group>";
		};
		C5970D72968A63C3F614D9D4 /* Pods */ = {
			isa = PBXGroup;
			children = (
				3C77B96438C6C3D9C46F03B4 /* Pods.debug.xcconfig */,
				B3C194C46927D4B1D664EED4 /* Pods.release.xcconfig */,
			);
			name = Pods;
			sourceTree = "<group>";
		};
		F31F75081C87D36B00E847F3 = {
			isa = PBXGroup;
			children = (
				F31F75131C87D36B00E847F3 /* News */,
				F31F75121C87D36B00E847F3 /* Products */,
				C5970D72968A63C3F614D9D4 /* Pods */,
				49DCD66EF911D360B216655A /* Frameworks */,
			);
			sourceTree = "<group>";
		};
		F31F75121C87D36B00E847F3 /* Products */ = {
			isa = PBXGroup;
			children = (
				F31F75111C87D36B00E847F3 /* News.app */,
			);
			name = Products;
			sourceTree = "<group>";
		};
		F31F75131C87D36B00E847F3 /* News */ = {
			isa = PBXGroup;
			children = (
				F31F75281C87E5FD00E847F3 /* Classes */,
				F31F75251C87D3E900E847F3 /* Library */,
				F31F75171C87D36C00E847F3 /* AppDelegate.h */,
				F31F75181C87D36C00E847F3 /* AppDelegate.m */,
				F31F751A1C87D36C00E847F3 /* Assets.xcassets */,
				F31F751C1C87D36C00E847F3 /* LaunchScreen.storyboard */,
				F31F751F1C87D36C00E847F3 /* Info.plist */,
				F31F75141C87D36C00E847F3 /* Supporting Files */,
			);
			path = News;
			sourceTree = "<group>";
		};
		F31F75141C87D36C00E847F3 /* Supporting Files */ = {
			isa = PBXGroup;
			children = (
				F31F75151C87D36C00E847F3 /* main.m */,
			);
			name = "Supporting Files";
			sourceTree = "<group>";
		};
		F31F75251C87D3E900E847F3 /* Library */ = {
			isa = PBXGroup;
			children = (
				F3C4AB551C8868C500BF49E3 /* ProgressHUD */,
				F3C4AB4D1C8868BC00BF49E3 /* PullingRefreshTableView */,
				F3C4AB321C88400F00BF49E3 /* VOSegmentedControl */,
				F31F75261C87D3E900E847F3 /* Tools */,
			);
			path = Library;
			sourceTree = "<group>";
		};
		F31F75261C87D3E900E847F3 /* Tools */ = {
			isa = PBXGroup;
			children = (
				F3C4AB3F1C88429800BF49E3 /* Main.pch */,
				F31F75271C87D42F00E847F3 /* HWDefine.h */,
				F3B08F3E1C8A923E000F1535 /* HWTools.h */,
				F3B08F3F1C8A923E000F1535 /* HWTools.m */,
				F3883BA31C8D60B80050E512 /* UIViewController+Common.h */,
				F3883BA41C8D60B80050E512 /* UIViewController+Common.m */,
			);
			path = Tools;
			sourceTree = "<group>";
		};
		F31F75281C87E5FD00E847F3 /* Classes */ = {
			isa = PBXGroup;
			children = (
				F31F75351C87E5FD00E847F3 /* News */,
				F31F752D1C87E5FD00E847F3 /* Media */,
				F31F75311C87E5FD00E847F3 /* Mine */,
			);
			path = Classes;
			sourceTree = "<group>";
		};
		F31F752D1C87E5FD00E847F3 /* Media */ = {
			isa = PBXGroup;
			children = (
				F31F752E1C87E5FD00E847F3 /* Controller */,
				F31F752F1C87E5FD00E847F3 /* Model */,
				F31F75301C87E5FD00E847F3 /* Views */,
			);
			path = Media;
			sourceTree = "<group>";
		};
		F31F752E1C87E5FD00E847F3 /* Controller */ = {
			isa = PBXGroup;
			children = (
				F3B08F411C8AAC3A000F1535 /* MediaViewController.h */,
				F3B08F421C8AAC3A000F1535 /* MediaViewController.m */,
			);
			path = Controller;
			sourceTree = "<group>";
		};
		F31F752F1C87E5FD00E847F3 /* Model */ = {
			isa = PBXGroup;
			children = (
			);
			path = Model;
			sourceTree = "<group>";
		};
		F31F75301C87E5FD00E847F3 /* Views */ = {
			isa = PBXGroup;
			children = (
			);
			path = Views;
			sourceTree = "<group>";
		};
		F31F75311C87E5FD00E847F3 /* Mine */ = {
			isa = PBXGroup;
			children = (
				F31F75321C87E5FD00E847F3 /* Controller */,
				F31F75331C87E5FD00E847F3 /* Model */,
				F31F75341C87E5FD00E847F3 /* Views */,
			);
			path = Mine;
			sourceTree = "<group>";
		};
		F31F75321C87E5FD00E847F3 /* Controller */ = {
			isa = PBXGroup;
			children = (
			);
			path = Controller;
			sourceTree = "<group>";
		};
		F31F75331C87E5FD00E847F3 /* Model */ = {
			isa = PBXGroup;
			children = (
				F3C4AB281C88211400BF49E3 /* Third.plist */,
			);
			path = Model;
			sourceTree = "<group>";
		};
		F31F75341C87E5FD00E847F3 /* Views */ = {
			isa = PBXGroup;
			children = (
			);
			path = Views;
			sourceTree = "<group>";
		};
		F31F75351C87E5FD00E847F3 /* News */ = {
			isa = PBXGroup;
			children = (
				F31F75361C87E5FD00E847F3 /* Controller */,
				F31F75371C87E5FD00E847F3 /* Model */,
				F31F75381C87E5FD00E847F3 /* Views */,
			);
			path = News;
			sourceTree = "<group>";
		};
		F31F75361C87E5FD00E847F3 /* Controller */ = {
			isa = PBXGroup;
			children = (
				F3C4AB2D1C883E4500BF49E3 /* MainViewController.h */,
				F3C4AB2E1C883E4500BF49E3 /* MainViewController.m */,
				F3B08F441C8AAC71000F1535 /* DetailViewController.h */,
				F3B08F451C8AAC71000F1535 /* DetailViewController.m */,
				F3EFCC371C8ECCA30096756D /* BillboardViewController.h */,
				F3EFCC381C8ECCA30096756D /* BillboardViewController.m */,
			);
			path = Controller;
			sourceTree = "<group>";
		};
		F31F75371C87E5FD00E847F3 /* Model */ = {
			isa = PBXGroup;
			children = (
				F3C4AB5B1C8875EB00BF49E3 /* Main.plist */,
				F3B489CD1C8C275E0018BC9F /* Property List.plist */,
				F33132F61C8C078300108E2D /* Media.plist */,
				F34C1FDD1C8EF5C700895972 /* Read.plist */,
				F34C1FDB1C8EF50800895972 /* Like.plist */,
				F34C1FD91C8EF42A00895972 /* Comment.plist */,
				F352E1801C89187000974874 /* MainModel.h */,
				F352E1811C89187000974874 /* MainModel.m */,
				F31D6A2B1C8D7F2F009DF93B /* MediaModel.h */,
				F31D6A2C1C8D7F2F009DF93B /* MediaModel.m */,
			);
			path = Model;
			sourceTree = "<group>";
		};
		F31F75381C87E5FD00E847F3 /* Views */ = {
			isa = PBXGroup;
			children = (
				F3C4AB481C88671700BF49E3 /* MainTableViewCell.h */,
				F3C4AB491C88671700BF49E3 /* MainTableViewCell.m */,
				F3AB98BE1C8AEE96008CB755 /* Detail.storyboard */,
				F3C4AB4A1C88671700BF49E3 /* MainTableViewCell.xib */,
				F3B489CF1C8C2F340018BC9F /* SetView.h */,
				F3B489D01C8C2F340018BC9F /* SetView.m */,
				F3883BA61C8D70580050E512 /* MediaTableViewCell.h */,
				F3883BA71C8D70580050E512 /* MediaTableViewCell.m */,
				F3883BA81C8D70580050E512 /* MediaTableViewCell.xib */,
			);
			path = Views;
			sourceTree = "<group>";
		};
		F3C4AB321C88400F00BF49E3 /* VOSegmentedControl */ = {
			isa = PBXGroup;
			children = (
				F3C4AB331C88400F00BF49E3 /* VOContentLayer.h */,
				F3C4AB341C88400F00BF49E3 /* VOContentLayer.m */,
				F3C4AB351C88400F00BF49E3 /* VOIndicatorAnimation.h */,
				F3C4AB361C88400F00BF49E3 /* VOIndicatorAnimation.m */,
				F3C4AB371C88400F00BF49E3 /* VOSegment.h */,
				F3C4AB381C88400F00BF49E3 /* VOSegment.m */,
				F3C4AB391C88400F00BF49E3 /* VOSegmentedControl.h */,
				F3C4AB3A1C88400F00BF49E3 /* VOSegmentedControl.m */,
			);
			path = VOSegmentedControl;
			sourceTree = "<group>";
		};
		F3C4AB4D1C8868BC00BF49E3 /* PullingRefreshTableView */ = {
			isa = PBXGroup;
			children = (
				F3C4AB4E1C8868BC00BF49E3 /* blueArrow.png */,
				F3C4AB4F1C8868BC00BF49E3 /* blueArrowDown.png */,
				F3C4AB501C8868BC00BF49E3 /* PullingRefreshTableView.h */,
				F3C4AB511C8868BC00BF49E3 /* PullingRefreshTableView.m */,
			);
			path = PullingRefreshTableView;
			sourceTree = "<group>";
		};
		F3C4AB551C8868C500BF49E3 /* ProgressHUD */ = {
			isa = PBXGroup;
			children = (
				F3C4AB561C8868C500BF49E3 /* ProgressHUD.bundle */,
				F3C4AB571C8868C500BF49E3 /* ProgressHUD.h */,
				F3C4AB581C8868C500BF49E3 /* ProgressHUD.m */,
			);
			path = ProgressHUD;
			sourceTree = "<group>";
		};
/* End PBXGroup section */

/* Begin PBXNativeTarget section */
		F31F75101C87D36B00E847F3 /* News */ = {
			isa = PBXNativeTarget;
			buildConfigurationList = F31F75221C87D36C00E847F3 /* Build configuration list for PBXNativeTarget "News" */;
			buildPhases = (
				D944F3BC479D4C9FBBDD2AB9 /* Check Pods Manifest.lock */,
				F31F750D1C87D36B00E847F3 /* Sources */,
				F31F750E1C87D36B00E847F3 /* Frameworks */,
				F31F750F1C87D36B00E847F3 /* Resources */,
				88C29CE8DD1FA4783F3B6E91 /* Embed Pods Frameworks */,
				A2B4CA850E20C9689B5B0B88 /* Copy Pods Resources */,
			);
			buildRules = (
			);
			dependencies = (
			);
			name = News;
			productName = News;
			productReference = F31F75111C87D36B00E847F3 /* News.app */;
			productType = "com.apple.product-type.application";
		};
/* End PBXNativeTarget section */

/* Begin PBXProject section */
		F31F75091C87D36B00E847F3 /* Project object */ = {
			isa = PBXProject;
			attributes = {
				LastUpgradeCheck = 0720;
				ORGANIZATIONNAME = "马娟娟";
				TargetAttributes = {
					F31F75101C87D36B00E847F3 = {
						CreatedOnToolsVersion = 7.2;
						DevelopmentTeam = 6K2QGZ2A9Y;
					};
				};
			};
			buildConfigurationList = F31F750C1C87D36B00E847F3 /* Build configuration list for PBXProject "News" */;
			compatibilityVersion = "Xcode 3.2";
			developmentRegion = English;
			hasScannedForEncodings = 0;
			knownRegions = (
				en,
				Base,
			);
			mainGroup = F31F75081C87D36B00E847F3;
			productRefGroup = F31F75121C87D36B00E847F3 /* Products */;
			projectDirPath = "";
			projectRoot = "";
			targets = (
				F31F75101C87D36B00E847F3 /* News */,
			);
		};
/* End PBXProject section */

/* Begin PBXResourcesBuildPhase section */
		F31F750F1C87D36B00E847F3 /* Resources */ = {
			isa = PBXResourcesBuildPhase;
			buildActionMask = 2147483647;
			files = (
				F3C4AB291C88211400BF49E3 /* Third.plist in Resources */,
				F34C1FDC1C8EF50800895972 /* Like.plist in Resources */,
				F34C1FDA1C8EF42B00895972 /* Comment.plist in Resources */,
				F34C1FDE1C8EF5C700895972 /* Read.plist in Resources */,
				F31F751B1C87D36C00E847F3 /* Assets.xcassets in Resources */,
				F3AB98BF1C8AEE96008CB755 /* Detail.storyboard in Resources */,
				F3C4AB4C1C88671700BF49E3 /* MainTableViewCell.xib in Resources */,
				F3C4AB521C8868BC00BF49E3 /* blueArrow.png in Resources */,
				F3C4AB591C8868C500BF49E3 /* ProgressHUD.bundle in Resources */,
				F3883BAA1C8D70580050E512 /* MediaTableViewCell.xib in Resources */,
				F31F751E1C87D36C00E847F3 /* LaunchScreen.storyboard in Resources */,
				F3C4AB531C8868BC00BF49E3 /* blueArrowDown.png in Resources */,
				F3C4AB5C1C8875EB00BF49E3 /* Main.plist in Resources */,
				F3B489CE1C8C275E0018BC9F /* Property List.plist in Resources */,
				F33132F71C8C078300108E2D /* Media.plist in Resources */,
			);
			runOnlyForDeploymentPostprocessing = 0;
		};
/* End PBXResourcesBuildPhase section */

/* Begin PBXShellScriptBuildPhase section */
		88C29CE8DD1FA4783F3B6E91 /* Embed Pods Frameworks */ = {
			isa = PBXShellScriptBuildPhase;
			buildActionMask = 2147483647;
			files = (
			);
			inputPaths = (
			);
			name = "Embed Pods Frameworks";
			outputPaths = (
			);
			runOnlyForDeploymentPostprocessing = 0;
			shellPath = /bin/sh;
			shellScript = "\"${SRCROOT}/Pods/Target Support Files/Pods/Pods-frameworks.sh\"\n";
			showEnvVarsInLog = 0;
		};
		A2B4CA850E20C9689B5B0B88 /* Copy Pods Resources */ = {
			isa = PBXShellScriptBuildPhase;
			buildActionMask = 2147483647;
			files = (
			);
			inputPaths = (
			);
			name = "Copy Pods Resources";
			outputPaths = (
			);
			runOnlyForDeploymentPostprocessing = 0;
			shellPath = /bin/sh;
			shellScript = "\"${SRCROOT}/Pods/Target Support Files/Pods/Pods-resources.sh\"\n";
			showEnvVarsInLog = 0;
		};
		D944F3BC479D4C9FBBDD2AB9 /* Check Pods Manifest.lock */ = {
			isa = PBXShellScriptBuildPhase;
			buildActionMask = 2147483647;
			files = (
			);
			inputPaths = (
			);
			name = "Check Pods Manifest.lock";
			outputPaths = (
			);
			runOnlyForDeploymentPostprocessing = 0;
			shellPath = /bin/sh;
			shellScript = "diff \"${PODS_ROOT}/../Podfile.lock\" \"${PODS_ROOT}/Manifest.lock\" > /dev/null\nif [[ $? != 0 ]] ; then\n    cat << EOM\nerror: The sandbox is not in sync with the Podfile.lock. Run 'pod install' or update your CocoaPods installation.\nEOM\n    exit 1\nfi\n";
			showEnvVarsInLog = 0;
		};
/* End PBXShellScriptBuildPhase section */

/* Begin PBXSourcesBuildPhase section */
		F31F750D1C87D36B00E847F3 /* Sources */ = {
			isa = PBXSourcesBuildPhase;
			buildActionMask = 2147483647;
			files = (
				F3B08F401C8A923E000F1535 /* HWTools.m in Sources */,
				F3C4AB3B1C88400F00BF49E3 /* VOContentLayer.m in Sources */,
				F31F75191C87D36C00E847F3 /* AppDelegate.m in Sources */,
				F3C4AB5A1C8868C500BF49E3 /* ProgressHUD.m in Sources */,
				F31D6A2D1C8D7F2F009DF93B /* MediaModel.m in Sources */,
				F352E1821C89187000974874 /* MainModel.m in Sources */,
				F3883BA51C8D60B80050E512 /* UIViewController+Common.m in Sources */,
				F3C4AB3D1C88400F00BF49E3 /* VOSegment.m in Sources */,
				F3C4AB3C1C88400F00BF49E3 /* VOIndicatorAnimation.m in Sources */,
				F3C4AB301C883E4500BF49E3 /* MainViewController.m in Sources */,
				F31F75161C87D36C00E847F3 /* main.m in Sources */,
				F3B08F431C8AAC3A000F1535 /* MediaViewController.m in Sources */,
				F3C4AB4B1C88671700BF49E3 /* MainTableViewCell.m in Sources */,
				F3EFCC391C8ECCA30096756D /* BillboardViewController.m in Sources */,
				F3883BA91C8D70580050E512 /* MediaTableViewCell.m in Sources */,
				F3C4AB541C8868BC00BF49E3 /* PullingRefreshTableView.m in Sources */,
				F3C4AB3E1C88400F00BF49E3 /* VOSegmentedControl.m in Sources */,
				F3B08F461C8AAC71000F1535 /* DetailViewController.m in Sources */,
				F3B489D11C8C2F340018BC9F /* SetView.m in Sources */,
			);
			runOnlyForDeploymentPostprocessing = 0;
		};
/* End PBXSourcesBuildPhase section */

/* Begin PBXVariantGroup section */
		F31F751C1C87D36C00E847F3 /* LaunchScreen.storyboard */ = {
			isa = PBXVariantGroup;
			children = (
				F31F751D1C87D36C00E847F3 /* Base */,
			);
			name = LaunchScreen.storyboard;
			sourceTree = "<group>";
		};
/* End PBXVariantGroup section */

/* Begin XCBuildConfiguration section */
		F31F75201C87D36C00E847F3 /* Debug */ = {
			isa = XCBuildConfiguration;
			buildSettings = {
				ALWAYS_SEARCH_USER_PATHS = NO;
				CLANG_CXX_LANGUAGE_STANDARD = "gnu++0x";
				CLANG_CXX_LIBRARY = "libc++";
				CLANG_ENABLE_MODULES = YES;
				CLANG_ENABLE_OBJC_ARC = YES;
				CLANG_WARN_BOOL_CONVERSION = YES;
				CLANG_WARN_CONSTANT_CONVERSION = YES;
				CLANG_WARN_DIRECT_OBJC_ISA_USAGE = YES_ERROR;
				CLANG_WARN_EMPTY_BODY = YES;
				CLANG_WARN_ENUM_CONVERSION = YES;
				CLANG_WARN_INT_CONVERSION = YES;
				CLANG_WARN_OBJC_ROOT_CLASS = YES_ERROR;
				CLANG_WARN_UNREACHABLE_CODE = YES;
				CLANG_WARN__DUPLICATE_METHOD_MATCH = YES;
				"CODE_SIGN_IDENTITY[sdk=iphoneos*]" = "iPhone Developer";
				COPY_PHASE_STRIP = NO;
				DEBUG_INFORMATION_FORMAT = dwarf;
				ENABLE_STRICT_OBJC_MSGSEND = YES;
				ENABLE_TESTABILITY = YES;
				GCC_C_LANGUAGE_STANDARD = gnu99;
				GCC_DYNAMIC_NO_PIC = NO;
				GCC_NO_COMMON_BLOCKS = YES;
				GCC_OPTIMIZATION_LEVEL = 0;
				GCC_PREPROCESSOR_DEFINITIONS = (
					"DEBUG=1",
					"$(inherited)",
				);
				GCC_WARN_64_TO_32_BIT_CONVERSION = YES;
				GCC_WARN_ABOUT_RETURN_TYPE = YES_ERROR;
				GCC_WARN_UNDECLARED_SELECTOR = YES;
				GCC_WARN_UNINITIALIZED_AUTOS = YES_AGGRESSIVE;
				GCC_WARN_UNUSED_FUNCTION = YES;
				GCC_WARN_UNUSED_VARIABLE = YES;
				IPHONEOS_DEPLOYMENT_TARGET = 9.2;
				MTL_ENABLE_DEBUG_INFO = YES;
				ONLY_ACTIVE_ARCH = YES;
				SDKROOT = iphoneos;
			};
			name = Debug;
		};
		F31F75211C87D36C00E847F3 /* Release */ = {
			isa = XCBuildConfiguration;
			buildSettings = {
				ALWAYS_SEARCH_USER_PATHS = NO;
				CLANG_CXX_LANGUAGE_STANDARD = "gnu++0x";
				CLANG_CXX_LIBRARY = "libc++";
				CLANG_ENABLE_MODULES = YES;
				CLANG_ENABLE_OBJC_ARC = YES;
				CLANG_WARN_BOOL_CONVERSION = YES;
				CLANG_WARN_CONSTANT_CONVERSION = YES;
				CLANG_WARN_DIRECT_OBJC_ISA_USAGE = YES_ERROR;
				CLANG_WARN_EMPTY_BODY = YES;
				CLANG_WARN_ENUM_CONVERSION = YES;
				CLANG_WARN_INT_CONVERSION = YES;
				CLANG_WARN_OBJC_ROOT_CLASS = YES_ERROR;
				CLANG_WARN_UNREACHABLE_CODE = YES;
				CLANG_WARN__DUPLICATE_METHOD_MATCH = YES;
				"CODE_SIGN_IDENTITY[sdk=iphoneos*]" = "iPhone Developer";
				COPY_PHASE_STRIP = NO;
				DEBUG_INFORMATION_FORMAT = "dwarf-with-dsym";
				ENABLE_NS_ASSERTIONS = NO;
				ENABLE_STRICT_OBJC_MSGSEND = YES;
				GCC_C_LANGUAGE_STANDARD = gnu99;
				GCC_NO_COMMON_BLOCKS = YES;
				GCC_WARN_64_TO_32_BIT_CONVERSION = YES;
				GCC_WARN_ABOUT_RETURN_TYPE = YES_ERROR;
				GCC_WARN_UNDECLARED_SELECTOR = YES;
				GCC_WARN_UNINITIALIZED_AUTOS = YES_AGGRESSIVE;
				GCC_WARN_UNUSED_FUNCTION = YES;
				GCC_WARN_UNUSED_VARIABLE = YES;
				IPHONEOS_DEPLOYMENT_TARGET = 9.2;
				MTL_ENABLE_DEBUG_INFO = NO;
				SDKROOT = iphoneos;
				VALIDATE_PRODUCT = YES;
			};
			name = Release;
		};
		F31F75231C87D36C00E847F3 /* Debug */ = {
			isa = XCBuildConfiguration;
			baseConfigurationReference = 3C77B96438C6C3D9C46F03B4 /* Pods.debug.xcconfig */;
			buildSettings = {
				ASSETCATALOG_COMPILER_APPICON_NAME = AppIcon;
				GCC_PRECOMPILE_PREFIX_HEADER = YES;
				GCC_PREFIX_HEADER = /Users/qipeng/Desktop/Crazy/News/News/Library/Tools/Main.pch;
				INFOPLIST_FILE = News/Info.plist;
				IPHONEOS_DEPLOYMENT_TARGET = 8.0;
				LD_RUNPATH_SEARCH_PATHS = "$(inherited) @executable_path/Frameworks";
				PRODUCT_BUNDLE_IDENTIFIER = can.Mangoinc.News;
				PRODUCT_NAME = "$(TARGET_NAME)";
				TARGETED_DEVICE_FAMILY = 1;
			};
			name = Debug;
		};
		F31F75241C87D36C00E847F3 /* Release */ = {
			isa = XCBuildConfiguration;
			baseConfigurationReference = B3C194C46927D4B1D664EED4 /* Pods.release.xcconfig */;
			buildSettings = {
				ASSETCATALOG_COMPILER_APPICON_NAME = AppIcon;
				GCC_PRECOMPILE_PREFIX_HEADER = YES;
				GCC_PREFIX_HEADER = /Users/qipeng/Desktop/Crazy/News/News/Library/Tools/Main.pch;
				INFOPLIST_FILE = News/Info.plist;
				IPHONEOS_DEPLOYMENT_TARGET = 8.0;
				LD_RUNPATH_SEARCH_PATHS = "$(inherited) @executable_path/Frameworks";
				PRODUCT_BUNDLE_IDENTIFIER = can.Mangoinc.News;
				PRODUCT_NAME = "$(TARGET_NAME)";
				TARGETED_DEVICE_FAMILY = 1;
			};
			name = Release;
		};
/* End XCBuildConfiguration section */

/* Begin XCConfigurationList section */
		F31F750C1C87D36B00E847F3 /* Build configuration list for PBXProject "News" */ = {
			isa = XCConfigurationList;
			buildConfigurations = (
				F31F75201C87D36C00E847F3 /* Debug */,
				F31F75211C87D36C00E847F3 /* Release */,
			);
			defaultConfigurationIsVisible = 0;
			defaultConfigurationName = Release;
		};
		F31F75221C87D36C00E847F3 /* Build configuration list for PBXNativeTarget "News" */ = {
			isa = XCConfigurationList;
			buildConfigurations = (
				F31F75231C87D36C00E847F3 /* Debug */,
				F31F75241C87D36C00E847F3 /* Release */,
			);
			defaultConfigurationIsVisible = 0;
			defaultConfigurationName = Release;
		};
/* End XCConfigurationList section */
	};
	rootObject = F31F75091C87D36B00E847F3 /* Project object */;
}
